
Microsoft Visual Studio Solution File, Format Version 12.00
# Visual Studio Version 17
VisualStudioVersion = 17.4.33213.308
MinimumVisualStudioVersion = 10.0.40219.1
Project("{FAE04EC0-301F-11D3-BF4B-00C04F79EFBC}") = "VPW", "VPW\VPW.csproj", "{87467089-B6DD-409F-8337-4EDA5FAE3B57}"
EndProject
Global
	GlobalSection(SolutionConfigurationPlatforms) = preSolution
		Debug|Any CPU = Debug|Any CPU
		Release|Any CPU = Release|Any CPU
	EndGlobalSection
	GlobalSection(ProjectConfigurationPlatforms) = postSolution
		{87467089-B6DD-409F-8337-4EDA5FAE3B57}.Debug|Any CPU.ActiveCfg = Debug|Any CPU
		{87467089-B6DD-409F-8337-4EDA5FAE3B57}.Debug|Any CPU.Build.0 = Debug|Any CPU
		{87467089-B6DD-409F-8337-4EDA5FAE3B57}.Release|Any CPU.ActiveCfg = Release|Any CPU
		{87467089-B6DD-409F-8337-4EDA5FAE3B57}.Release|Any CPU.Build.0 = Release|Any CPU
	EndGlobalSection
	GlobalSection(SolutionProperties) = preSolution
		HideSolutionNode = FALSE
	EndGlobalSection
	GlobalSection(ExtensibilityGlobals) = postSolution
		SolutionGuid = {91247B7C-EA07-4992-BB82-DD4A721E0E1A}
	EndGlobalSection
EndGlobal
